# @generated - this file is auto-generated by `mise lock` https://mise.jdx.dev/dev-tools/mise-lock.html

[[tools."aqua:fish-shell/fish-shell"]]
version = "4.6.0"
backend = "aqua:fish-shell/fish-shell"

[tools."aqua:fish-shell/fish-shell"."platforms.linux-arm64"]
checksum = "sha256:0a5b514ca92cacb930ad345d1a5f00aa602f25f9f782bee92395a65888875ad6"
url = "https://github.com/fish-shell/fish-shell/releases/download/4.6.0/fish-4.6.0-linux-aarch64.tar.xz"

[tools."aqua:fish-shell/fish-shell"."platforms.linux-arm64-musl"]
checksum = "sha256:0a5b514ca92cacb930ad345d1a5f00aa602f25f9f782bee92395a65888875ad6"
url = "https://github.com/fish-shell/fish-shell/releases/download/4.6.0/fish-4.6.0-linux-aarch64.tar.xz"

[tools."aqua:fish-shell/fish-shell"."platforms.linux-x64"]
checksum = "sha256:497c9c4e3fb3c006fe9d2c9a5a5447c1c90490b6b4ce6bfaf75e53b495c82f36"
url = "https://github.com/fish-shell/fish-shell/releases/download/4.6.0/fish-4.6.0-linux-x86_64.tar.xz"

[tools."aqua:fish-shell/fish-shell"."platforms.linux-x64-musl"]
checksum = "sha256:497c9c4e3fb3c006fe9d2c9a5a5447c1c90490b6b4ce6bfaf75e53b495c82f36"
url = "https://github.com/fish-shell/fish-shell/releases/download/4.6.0/fish-4.6.0-linux-x86_64.tar.xz"

[tools."aqua:fish-shell/fish-shell"."platforms.macos-arm64"]
checksum = "sha256:db157369ba3006334c1035aaf2ac80e8e5b55e3f4133ff70c75afb5588c11a6d"
url = "https://github.com/fish-shell/fish-shell/releases/download/4.6.0/fish-4.6.0.pkg"

[tools."aqua:fish-shell/fish-shell"."platforms.macos-x64"]
checksum = "sha256:db157369ba3006334c1035aaf2ac80e8e5b55e3f4133ff70c75afb5588c11a6d"
url = "https://github.com/fish-shell/fish-shell/releases/download/4.6.0/fish-4.6.0.pkg"
