# @generated - this file is auto-generated by `mise lock` https://mise.jdx.dev/dev-tools/mise-lock.html

[[tools."aqua:fish-shell/fish-shell"]]
version = "4.6.0"
backend = "aqua:fish-shell/fish-shell"

[tools."aqua:fish-shell/fish-shell"."platforms.linux-arm64"]
checksum = "sha256:0a5b514ca92cacb930ad345d1a5f00aa602f25f9f782bee92395a65888875ad6"
url = "https://github.com/fish-shell/fish-shell/releases/download/4.6.0/fish-4.6.0-linux-aarch64.tar.xz"

[tools."aqua:fish-shell/fish-shell"."platforms.linux-arm64-musl"]
checksum = "sha256:0a5b514ca92cacb930ad345d1a5f00aa602f25f9f782bee92395a65888875ad6"
url = "https://github.com/fish-shell/fish-shell/releases/download/4.6.0/fish-4.6.0-linux-aarch64.tar.xz"

[tools."aqua:fish-shell/fish-shell"."platforms.linux-x64"]
checksum = "sha256:497c9c4e3fb3c006fe9d2c9a5a5447c1c90490b6b4ce6bfaf75e53b495c82f36"
url = "https://github.com/fish-shell/fish-shell/releases/download/4.6.0/fish-4.6.0-linux-x86_64.tar.xz"

[tools."aqua:fish-shell/fish-shell"."platforms.linux-x64-musl"]
checksum = "sha256:497c9c4e3fb3c006fe9d2c9a5a5447c1c90490b6b4ce6bfaf75e53b495c82f36"
url = "https://github.com/fish-shell/fish-shell/releases/download/4.6.0/fish-4.6.0-linux-x86_64.tar.xz"

[tools."aqua:fish-shell/fish-shell"."platforms.macos-arm64"]
checksum = "sha256:db157369ba3006334c1035aaf2ac80e8e5b55e3f4133ff70c75afb5588c11a6d"
url = "https://github.com/fish-shell/fish-shell/releases/download/4.6.0/fish-4.6.0.pkg"

[tools."aqua:fish-shell/fish-shell"."platforms.macos-x64"]
checksum = "sha256:db157369ba3006334c1035aaf2ac80e8e5b55e3f4133ff70c75afb5588c11a6d"
url = "https://github.com/fish-shell/fish-shell/releases/download/4.6.0/fish-4.6.0.pkg"

[[tools."aqua:gitleaks/gitleaks"]]
version = "8.30.1"
backend = "aqua:gitleaks/gitleaks"

[tools."aqua:gitleaks/gitleaks"."platforms.linux-arm64"]
checksum = "sha256:e4a487ee7ccd7d3a7f7ec08657610aa3606637dab924210b3aee62570fb4b080"
url = "https://github.com/gitleaks/gitleaks/releases/download/v8.30.1/gitleaks_8.30.1_linux_arm64.tar.gz"

[tools."aqua:gitleaks/gitleaks"."platforms.linux-arm64-musl"]
checksum = "sha256:e4a487ee7ccd7d3a7f7ec08657610aa3606637dab924210b3aee62570fb4b080"
url = "https://github.com/gitleaks/gitleaks/releases/download/v8.30.1/gitleaks_8.30.1_linux_arm64.tar.gz"

[tools."aqua:gitleaks/gitleaks"."platforms.linux-x64"]
checksum = "sha256:551f6fc83ea457d62a0d98237cbad105af8d557003051f41f3e7ca7b3f2470eb"
url = "https://github.com/gitleaks/gitleaks/releases/download/v8.30.1/gitleaks_8.30.1_linux_x64.tar.gz"

[tools."aqua:gitleaks/gitleaks"."platforms.linux-x64-musl"]
checksum = "sha256:551f6fc83ea457d62a0d98237cbad105af8d557003051f41f3e7ca7b3f2470eb"
url = "https://github.com/gitleaks/gitleaks/releases/download/v8.30.1/gitleaks_8.30.1_linux_x64.tar.gz"

[tools."aqua:gitleaks/gitleaks"."platforms.macos-arm64"]
checksum = "sha256:b40ab0ae55c505963e365f271a8d3846efbc170aa17f2607f13df610a9aeb6a5"
url = "https://github.com/gitleaks/gitleaks/releases/download/v8.30.1/gitleaks_8.30.1_darwin_arm64.tar.gz"

[tools."aqua:gitleaks/gitleaks"."platforms.macos-x64"]
checksum = "sha256:dfe101a4db2255fc85120ac7f3d25e4342c3c20cf749f2c20a18081af1952709"
url = "https://github.com/gitleaks/gitleaks/releases/download/v8.30.1/gitleaks_8.30.1_darwin_x64.tar.gz"

[tools."aqua:gitleaks/gitleaks"."platforms.windows-x64"]
checksum = "sha256:d29144deff3a68aa93ced33dddf84b7fdc26070add4aa0f4513094c8332afc4e"
url = "https://github.com/gitleaks/gitleaks/releases/download/v8.30.1/gitleaks_8.30.1_windows_x64.zip"

[[tools.chezmoi]]
version = "2.70.1"
backend = "aqua:twpayne/chezmoi"

[tools.chezmoi."platforms.linux-arm64"]
checksum = "sha256:7f8307cef8aade159cdee372a10871a606a50c6239284c0860fb463a174faba0"
url = "https://github.com/twpayne/chezmoi/releases/download/v2.70.1/chezmoi_2.70.1_linux_arm64.tar.gz"

[tools.chezmoi."platforms.linux-arm64-musl"]
checksum = "sha256:7f8307cef8aade159cdee372a10871a606a50c6239284c0860fb463a174faba0"
url = "https://github.com/twpayne/chezmoi/releases/download/v2.70.1/chezmoi_2.70.1_linux_arm64.tar.gz"

[tools.chezmoi."platforms.linux-x64"]
checksum = "sha256:3bd054238e2a95548eee62a6c5b4d9d1352f2c6c69c6d32f3d1964878398f91a"
url = "https://github.com/twpayne/chezmoi/releases/download/v2.70.1/chezmoi_2.70.1_linux_amd64.tar.gz"

[tools.chezmoi."platforms.linux-x64-musl"]
checksum = "sha256:3bd054238e2a95548eee62a6c5b4d9d1352f2c6c69c6d32f3d1964878398f91a"
url = "https://github.com/twpayne/chezmoi/releases/download/v2.70.1/chezmoi_2.70.1_linux_amd64.tar.gz"

[tools.chezmoi."platforms.macos-arm64"]
checksum = "sha256:814fd391b755046d9dbe17c1a7e93d7dd725b2842bf9663c08645771f4a92cf1"
url = "https://github.com/twpayne/chezmoi/releases/download/v2.70.1/chezmoi_2.70.1_darwin_arm64.tar.gz"

[tools.chezmoi."platforms.macos-x64"]
checksum = "sha256:36b9b41dd88485afd30c7940398edef3b4757c19e36689f9324012391ea7dbff"
url = "https://github.com/twpayne/chezmoi/releases/download/v2.70.1/chezmoi_2.70.1_darwin_amd64.tar.gz"

[tools.chezmoi."platforms.windows-x64"]
checksum = "sha256:dfd54ea02f4290dd7d072c2c932efcbdbe3af01035f22315986654711c6d97bd"
url = "https://github.com/twpayne/chezmoi/releases/download/v2.70.1/chezmoi_2.70.1_windows_amd64.zip"

[[tools.neovim]]
version = "0.12.1"
backend = "vfox:mise-plugins/vfox-neovim"

[tools.neovim."platforms.linux-arm64"]
url = "https://github.com/neovim/neovim/releases/download/v0.12.1/nvim-linux-arm64.tar.gz"

[tools.neovim."platforms.linux-arm64-musl"]
url = "https://github.com/neovim/neovim/releases/download/v0.12.1/nvim-linux-arm64.tar.gz"

[tools.neovim."platforms.linux-x64"]
url = "https://github.com/neovim/neovim/releases/download/v0.12.1/nvim-linux-x86_64.tar.gz"

[tools.neovim."platforms.linux-x64-musl"]
url = "https://github.com/neovim/neovim/releases/download/v0.12.1/nvim-linux-x86_64.tar.gz"

[tools.neovim."platforms.macos-arm64"]
url = "https://github.com/neovim/neovim/releases/download/v0.12.1/nvim-macos-arm64.tar.gz"

[tools.neovim."platforms.macos-x64"]
url = "https://github.com/neovim/neovim/releases/download/v0.12.1/nvim-macos-x86_64.tar.gz"

[tools.neovim."platforms.windows-x64"]
url = "https://github.com/neovim/neovim/releases/download/v0.12.1/nvim-win64.zip"

[[tools.pre-commit]]
version = "4.5.1"
backend = "aqua:pre-commit/pre-commit"

[tools.pre-commit."platforms.linux-arm64"]
checksum = "sha256:19d00ba35cbf9c04dc3736cd8bb641e8633f3eddd4cedde71809574ae68a2cd1"
url = "https://github.com/pre-commit/pre-commit/releases/download/v4.5.1/pre-commit-4.5.1.pyz"

[tools.pre-commit."platforms.linux-arm64-musl"]
checksum = "sha256:19d00ba35cbf9c04dc3736cd8bb641e8633f3eddd4cedde71809574ae68a2cd1"
url = "https://github.com/pre-commit/pre-commit/releases/download/v4.5.1/pre-commit-4.5.1.pyz"

[tools.pre-commit."platforms.linux-x64"]
checksum = "sha256:19d00ba35cbf9c04dc3736cd8bb641e8633f3eddd4cedde71809574ae68a2cd1"
url = "https://github.com/pre-commit/pre-commit/releases/download/v4.5.1/pre-commit-4.5.1.pyz"

[tools.pre-commit."platforms.linux-x64-musl"]
checksum = "sha256:19d00ba35cbf9c04dc3736cd8bb641e8633f3eddd4cedde71809574ae68a2cd1"
url = "https://github.com/pre-commit/pre-commit/releases/download/v4.5.1/pre-commit-4.5.1.pyz"

[tools.pre-commit."platforms.macos-arm64"]
checksum = "sha256:19d00ba35cbf9c04dc3736cd8bb641e8633f3eddd4cedde71809574ae68a2cd1"
url = "https://github.com/pre-commit/pre-commit/releases/download/v4.5.1/pre-commit-4.5.1.pyz"

[tools.pre-commit."platforms.macos-x64"]
checksum = "sha256:19d00ba35cbf9c04dc3736cd8bb641e8633f3eddd4cedde71809574ae68a2cd1"
url = "https://github.com/pre-commit/pre-commit/releases/download/v4.5.1/pre-commit-4.5.1.pyz"
